// !$*UTF8*$!
{
	archiveVersion = 1;
	classes = {
	};
	objectVersion = 56;
	objects = {

/* Begin PBXBuildFile section */
		581DA95429DD1B4900EA9B0B /* PortfolioView.swift in Sources */ = {isa = PBXBuildFile; fileRef = 581DA95329DD1B4900EA9B0B /* PortfolioView.swift */; };
		581DA95629DD1FCD00EA9B0B /* XMarkButton.swift in Sources */ = {isa = PBXBuildFile; fileRef = 581DA95529DD1FCD00EA9B0B /* XMarkButton.swift */; };
		5822815F29D8FA43004C3D58 /* SearchBarView.swift in Sources */ = {isa = PBXBuildFile; fileRef = 5822815E29D8FA43004C3D58 /* SearchBarView.swift */; };
		5822816129D90A07004C3D58 /* UIApplication.swift in Sources */ = {isa = PBXBuildFile; fileRef = 5822816029D90A07004C3D58 /* UIApplication.swift */; };
		582A9BFA29D444910029D21D /* HomeViewModel.swift in Sources */ = {isa = PBXBuildFile; fileRef = 582A9BF929D444910029D21D /* HomeViewModel.swift */; };
		5837933229D62D3B00269C65 /* NetworkingManager.swift in Sources */ = {isa = PBXBuildFile; fileRef = 5837933129D62D3B00269C65 /* NetworkingManager.swift */; };
		5837933529D638BE00269C65 /* CoinImageview.swift in Sources */ = {isa = PBXBuildFile; fileRef = 5837933429D638BE00269C65 /* CoinImageview.swift */; };
		5837933729D63B0F00269C65 /* CoinImageService.swift in Sources */ = {isa = PBXBuildFile; fileRef = 5837933629D63B0F00269C65 /* CoinImageService.swift */; };
		5837933929D63D8700269C65 /* CoinImageViewModel.swift in Sources */ = {isa = PBXBuildFile; fileRef = 5837933829D63D8700269C65 /* CoinImageViewModel.swift */; };
		585E822929DA49AD00061AA8 /* StatisticModel.swift in Sources */ = {isa = PBXBuildFile; fileRef = 585E822829DA49AD00061AA8 /* StatisticModel.swift */; };
		585E822B29DA4BE200061AA8 /* StatisticView.swift in Sources */ = {isa = PBXBuildFile; fileRef = 585E822A29DA4BE200061AA8 /* StatisticView.swift */; };
		585E822D29DA514800061AA8 /* HomeStatisView.swift in Sources */ = {isa = PBXBuildFile; fileRef = 585E822C29DA514800061AA8 /* HomeStatisView.swift */; };
		586750F329E1183D0076C383 /* PortfolioContainer.xcdatamodeld in Sources */ = {isa = PBXBuildFile; fileRef = 586750F129E1183D0076C383 /* PortfolioContainer.xcdatamodeld */; };
		586750F529E119490076C383 /* PortfolioDataService.swift in Sources */ = {isa = PBXBuildFile; fileRef = 586750F429E119490076C383 /* PortfolioDataService.swift */; };
		589AF36B29D2A3D400DEFC8E /* SwiftfulCryptoApp.swift in Sources */ = {isa = PBXBuildFile; fileRef = 589AF36A29D2A3D400DEFC8E /* SwiftfulCryptoApp.swift */; };
		589AF36D29D2A3D400DEFC8E /* ContentView.swift in Sources */ = {isa = PBXBuildFile; fileRef = 589AF36C29D2A3D400DEFC8E /* ContentView.swift */; };
		589AF37229D2A3D500DEFC8E /* Preview Assets.xcassets in Resources */ = {isa = PBXBuildFile; fileRef = 589AF37129D2A3D500DEFC8E /* Preview Assets.xcassets */; };
		589AF37929D2A4F700DEFC8E /* Assets.xcassets in Resources */ = {isa = PBXBuildFile; fileRef = 589AF37829D2A4F700DEFC8E /* Assets.xcassets */; };
		589AF37E29D2A59C00DEFC8E /* Color.swift in Sources */ = {isa = PBXBuildFile; fileRef = 589AF37D29D2A59C00DEFC8E /* Color.swift */; };
		589AF38529D2AC9800DEFC8E /* HomeView.swift in Sources */ = {isa = PBXBuildFile; fileRef = 589AF38429D2AC9800DEFC8E /* HomeView.swift */; };
		589AF38A29D2ADED00DEFC8E /* CircleButtonView.swift in Sources */ = {isa = PBXBuildFile; fileRef = 589AF38929D2ADED00DEFC8E /* CircleButtonView.swift */; };
		589AF38C29D2B98900DEFC8E /* CicleButtonViewAnimation.swift in Sources */ = {isa = PBXBuildFile; fileRef = 589AF38B29D2B98900DEFC8E /* CicleButtonViewAnimation.swift */; };
		589B598A29DD0069009F8010 /* MarketDataModel.swift in Sources */ = {isa = PBXBuildFile; fileRef = 589B598929DD0069009F8010 /* MarketDataModel.swift */; };
		589B598C29DD0267009F8010 /* MarketDataService.swift in Sources */ = {isa = PBXBuildFile; fileRef = 589B598B29DD0267009F8010 /* MarketDataService.swift */; };
		58A09A0929D3A4F600B68A4C /* CoinModel.swift in Sources */ = {isa = PBXBuildFile; fileRef = 58A09A0829D3A4F600B68A4C /* CoinModel.swift */; };
		58A09A0B29D3B4F800B68A4C /* CoinRowView.swift in Sources */ = {isa = PBXBuildFile; fileRef = 58A09A0A29D3B4F800B68A4C /* CoinRowView.swift */; };
		58A09A0D29D3B5EE00B68A4C /* PreviewProvider.swift in Sources */ = {isa = PBXBuildFile; fileRef = 58A09A0C29D3B5EE00B68A4C /* PreviewProvider.swift */; };
		58A09A0F29D3BEF200B68A4C /* Double.swift in Sources */ = {isa = PBXBuildFile; fileRef = 58A09A0E29D3BEF200B68A4C /* Double.swift */; };
		58A3C31C29DE4663004A4C5D /* CoinLogoView.swift in Sources */ = {isa = PBXBuildFile; fileRef = 58A3C31B29DE4663004A4C5D /* CoinLogoView.swift */; };
		58C8E6B729D4FF2E00860653 /* CoinDataService.swift in Sources */ = {isa = PBXBuildFile; fileRef = 58C8E6B629D4FF2E00860653 /* CoinDataService.swift */; };
		58CC5F8829FB195E00F7607D /* HapticManager.swift in Sources */ = {isa = PBXBuildFile; fileRef = 58CC5F8729FB195E00F7607D /* HapticManager.swift */; };
/* End PBXBuildFile section */

/* Begin PBXFileReference section */
		581DA95329DD1B4900EA9B0B /* PortfolioView.swift */ = {isa = PBXFileReference; lastKnownFileType = sourcecode.swift; path = PortfolioView.swift; sourceTree = "<group>"; };
		581DA95529DD1FCD00EA9B0B /* XMarkButton.swift */ = {isa = PBXFileReference; lastKnownFileType = sourcecode.swift; path = XMarkButton.swift; sourceTree = "<group>"; };
		5822815E29D8FA43004C3D58 /* SearchBarView.swift */ = {isa = PBXFileReference; lastKnownFileType = sourcecode.swift; path = SearchBarView.swift; sourceTree = "<group>"; };
		5822816029D90A07004C3D58 /* UIApplication.swift */ = {isa = PBXFileReference; lastKnownFileType = sourcecode.swift; path = UIApplication.swift; sourceTree = "<group>"; };
		582A9BF929D444910029D21D /* HomeViewModel.swift */ = {isa = PBXFileReference; lastKnownFileType = sourcecode.swift; path = HomeViewModel.swift; sourceTree = "<group>"; };
		5837933129D62D3B00269C65 /* NetworkingManager.swift */ = {isa = PBXFileReference; lastKnownFileType = sourcecode.swift; path = NetworkingManager.swift; sourceTree = "<group>"; };
		5837933429D638BE00269C65 /* CoinImageview.swift */ = {isa = PBXFileReference; lastKnownFileType = sourcecode.swift; path = CoinImageview.swift; sourceTree = "<group>"; };
		5837933629D63B0F00269C65 /* CoinImageService.swift */ = {isa = PBXFileReference; lastKnownFileType = sourcecode.swift; path = CoinImageService.swift; sourceTree = "<group>"; };
		5837933829D63D8700269C65 /* CoinImageViewModel.swift */ = {isa = PBXFileReference; lastKnownFileType = sourcecode.swift; path = CoinImageViewModel.swift; sourceTree = "<group>"; };
		585E822829DA49AD00061AA8 /* StatisticModel.swift */ = {isa = PBXFileReference; lastKnownFileType = sourcecode.swift; path = StatisticModel.swift; sourceTree = "<group>"; };
		585E822A29DA4BE200061AA8 /* StatisticView.swift */ = {isa = PBXFileReference; lastKnownFileType = sourcecode.swift; path = StatisticView.swift; sourceTree = "<group>"; };
		585E822C29DA514800061AA8 /* HomeStatisView.swift */ = {isa = PBXFileReference; lastKnownFileType = sourcecode.swift; path = HomeStatisView.swift; sourceTree = "<group>"; };
		586750F229E1183D0076C383 /* PortfolioContainer.xcdatamodel */ = {isa = PBXFileReference; lastKnownFileType = wrapper.xcdatamodel; path = PortfolioContainer.xcdatamodel; sourceTree = "<group>"; };
		586750F429E119490076C383 /* PortfolioDataService.swift */ = {isa = PBXFileReference; lastKnownFileType = sourcecode.swift; path = PortfolioDataService.swift; sourceTree = "<group>"; };
		589AF36729D2A3D400DEFC8E /* SwiftfulCrypto.app */ = {isa = PBXFileReference; explicitFileType = wrapper.application; includeInIndex = 0; path = SwiftfulCrypto.app; sourceTree = BUILT_PRODUCTS_DIR; };
		589AF36A29D2A3D400DEFC8E /* SwiftfulCryptoApp.swift */ = {isa = PBXFileReference; lastKnownFileType = sourcecode.swift; path = SwiftfulCryptoApp.swift; sourceTree = "<group>"; };
		589AF36C29D2A3D400DEFC8E /* ContentView.swift */ = {isa = PBXFileReference; lastKnownFileType = sourcecode.swift; path = ContentView.swift; sourceTree = "<group>"; };
		589AF37129D2A3D500DEFC8E /* Preview Assets.xcassets */ = {isa = PBXFileReference; lastKnownFileType = folder.assetcatalog; path = "Preview Assets.xcassets"; sourceTree = "<group>"; };
		589AF37829D2A4F700DEFC8E /* Assets.xcassets */ = {isa = PBXFileReference; lastKnownFileType = folder.assetcatalog; name = Assets.xcassets; path = ../../../Downloads/Resources/Assets.xcassets; sourceTree = "<group>"; };
		589AF37D29D2A59C00DEFC8E /* Color.swift */ = {isa = PBXFileReference; lastKnownFileType = sourcecode.swift; path = Color.swift; sourceTree = "<group>"; };
		589AF38429D2AC9800DEFC8E /* HomeView.swift */ = {isa = PBXFileReference; lastKnownFileType = sourcecode.swift; path = HomeView.swift; sourceTree = "<group>"; };
		589AF38929D2ADED00DEFC8E /* CircleButtonView.swift */ = {isa = PBXFileReference; lastKnownFileType = sourcecode.swift; path = CircleButtonView.swift; sourceTree = "<group>"; };
		589AF38B29D2B98900DEFC8E /* CicleButtonViewAnimation.swift */ = {isa = PBXFileReference; lastKnownFileType = sourcecode.swift; path = CicleButtonViewAnimation.swift; sourceTree = "<group>"; };
		589B598929DD0069009F8010 /* MarketDataModel.swift */ = {isa = PBXFileReference; lastKnownFileType = sourcecode.swift; path = MarketDataModel.swift; sourceTree = "<group>"; };
		589B598B29DD0267009F8010 /* MarketDataService.swift */ = {isa = PBXFileReference; lastKnownFileType = sourcecode.swift; path = MarketDataService.swift; sourceTree = "<group>"; };
		58A09A0829D3A4F600B68A4C /* CoinModel.swift */ = {isa = PBXFileReference; lastKnownFileType = sourcecode.swift; path = CoinModel.swift; sourceTree = "<group>"; };
		58A09A0A29D3B4F800B68A4C /* CoinRowView.swift */ = {isa = PBXFileReference; lastKnownFileType = sourcecode.swift; path = CoinRowView.swift; sourceTree = "<group>"; };
		58A09A0C29D3B5EE00B68A4C /* PreviewProvider.swift */ = {isa = PBXFileReference; lastKnownFileType = sourcecode.swift; path = PreviewProvider.swift; sourceTree = "<group>"; };
		58A09A0E29D3BEF200B68A4C /* Double.swift */ = {isa = PBXFileReference; lastKnownFileType = sourcecode.swift; path = Double.swift; sourceTree = "<group>"; };
		58A3C31B29DE4663004A4C5D /* CoinLogoView.swift */ = {isa = PBXFileReference; lastKnownFileType = sourcecode.swift; path = CoinLogoView.swift; sourceTree = "<group>"; };
		58C8E6B629D4FF2E00860653 /* CoinDataService.swift */ = {isa = PBXFileReference; lastKnownFileType = sourcecode.swift; path = CoinDataService.swift; sourceTree = "<group>"; };
		58CC5F8729FB195E00F7607D /* HapticManager.swift */ = {isa = PBXFileReference; lastKnownFileType = sourcecode.swift; path = HapticManager.swift; sourceTree = "<group>"; };
/* End PBXFileReference section */

/* Begin PBXFrameworksBuildPhase section */
		589AF36429D2A3D400DEFC8E /* Frameworks */ = {
			isa = PBXFrameworksBuildPhase;
			buildActionMask = 2147483647;
			files = (
			);
			runOnlyForDeploymentPostprocessing = 0;
		};
/* End PBXFrameworksBuildPhase section */

/* Begin PBXGroup section */
		5837933029D62C2800269C65 /* Utilities */ = {
			isa = PBXGroup;
			children = (
				5837933129D62D3B00269C65 /* NetworkingManager.swift */,
				58CC5F8729FB195E00F7607D /* HapticManager.swift */,
			);
			path = Utilities;
			sourceTree = "<group>";
		};
		5837933329D638A400269C65 /* CoinImage */ = {
			isa = PBXGroup;
			children = (
				5837933429D638BE00269C65 /* CoinImageview.swift */,
				5837933829D63D8700269C65 /* CoinImageViewModel.swift */,
				58A3C31B29DE4663004A4C5D /* CoinLogoView.swift */,
			);
			path = CoinImage;
			sourceTree = "<group>";
		};
		589AF35E29D2A3D400DEFC8E = {
			isa = PBXGroup;
			children = (
				589AF36929D2A3D400DEFC8E /* SwiftfulCrypto */,
				589AF36829D2A3D400DEFC8E /* Products */,
			);
			sourceTree = "<group>";
		};
		589AF36829D2A3D400DEFC8E /* Products */ = {
			isa = PBXGroup;
			children = (
				589AF36729D2A3D400DEFC8E /* SwiftfulCrypto.app */,
			);
			name = Products;
			sourceTree = "<group>";
		};
		589AF36929D2A3D400DEFC8E /* SwiftfulCrypto */ = {
			isa = PBXGroup;
			children = (
				589AF36A29D2A3D400DEFC8E /* SwiftfulCryptoApp.swift */,
				5837933029D62C2800269C65 /* Utilities */,
				589AF37A29D2A54C00DEFC8E /* Extensions */,
				58C8E6B529D4FEFA00860653 /* Services */,
				58A09A0729D3A38100B68A4C /* Models */,
				589AF38029D2AC4300DEFC8E /* Core */,
				589AF36C29D2A3D400DEFC8E /* ContentView.swift */,
				589AF37829D2A4F700DEFC8E /* Assets.xcassets */,
				589AF37029D2A3D500DEFC8E /* Preview Content */,
			);
			path = SwiftfulCrypto;
			sourceTree = "<group>";
		};
		589AF37029D2A3D500DEFC8E /* Preview Content */ = {
			isa = PBXGroup;
			children = (
				589AF37129D2A3D500DEFC8E /* Preview Assets.xcassets */,
			);
			path = "Preview Content";
			sourceTree = "<group>";
		};
		589AF37A29D2A54C00DEFC8E /* Extensions */ = {
			isa = PBXGroup;
			children = (
				589AF37D29D2A59C00DEFC8E /* Color.swift */,
				58A09A0C29D3B5EE00B68A4C /* PreviewProvider.swift */,
				58A09A0E29D3BEF200B68A4C /* Double.swift */,
				5822816029D90A07004C3D58 /* UIApplication.swift */,
			);
			path = Extensions;
			sourceTree = "<group>";
		};
		589AF38029D2AC4300DEFC8E /* Core */ = {
			isa = PBXGroup;
			children = (
				589AF38629D2ADAB00DEFC8E /* Components */,
				589AF38129D2AC5600DEFC8E /* Home */,
			);
			path = Core;
			sourceTree = "<group>";
		};
		589AF38129D2AC5600DEFC8E /* Home */ = {
			isa = PBXGroup;
			children = (
				589AF38329D2AC7C00DEFC8E /* Views */,
				589AF38229D2AC7200DEFC8E /* ViewModels */,
			);
			path = Home;
			sourceTree = "<group>";
		};
		589AF38229D2AC7200DEFC8E /* ViewModels */ = {
			isa = PBXGroup;
			children = (
				582A9BF929D444910029D21D /* HomeViewModel.swift */,
			);
			path = ViewModels;
			sourceTree = "<group>";
		};
		589AF38329D2AC7C00DEFC8E /* Views */ = {
			isa = PBXGroup;
			children = (
				589AF38429D2AC9800DEFC8E /* HomeView.swift */,
				58A09A0A29D3B4F800B68A4C /* CoinRowView.swift */,
				585E822C29DA514800061AA8 /* HomeStatisView.swift */,
				581DA95329DD1B4900EA9B0B /* PortfolioView.swift */,
			);
			path = Views;
			sourceTree = "<group>";
		};
		589AF38629D2ADAB00DEFC8E /* Components */ = {
			isa = PBXGroup;
			children = (
				5837933329D638A400269C65 /* CoinImage */,
				589AF38829D2ADD400DEFC8E /* CircleButton */,
				5822815E29D8FA43004C3D58 /* SearchBarView.swift */,
				585E822A29DA4BE200061AA8 /* StatisticView.swift */,
				581DA95529DD1FCD00EA9B0B /* XMarkButton.swift */,
			);
			path = Components;
			sourceTree = "<group>";
		};
		589AF38829D2ADD400DEFC8E /* CircleButton */ = {
			isa = PBXGroup;
			children = (
				589AF38929D2ADED00DEFC8E /* CircleButtonView.swift */,
				589AF38B29D2B98900DEFC8E /* CicleButtonViewAnimation.swift */,
			);
			path = CircleButton;
			sourceTree = "<group>";
		};
		58A09A0729D3A38100B68A4C /* Models */ = {
			isa = PBXGroup;
			children = (
				58A09A0829D3A4F600B68A4C /* CoinModel.swift */,
				585E822829DA49AD00061AA8 /* StatisticModel.swift */,
				589B598929DD0069009F8010 /* MarketDataModel.swift */,
				586750F129E1183D0076C383 /* PortfolioContainer.xcdatamodeld */,
			);
			path = Models;
			sourceTree = "<group>";
		};
		58C8E6B529D4FEFA00860653 /* Services */ = {
			isa = PBXGroup;
			children = (
				58C8E6B629D4FF2E00860653 /* CoinDataService.swift */,
				5837933629D63B0F00269C65 /* CoinImageService.swift */,
				589B598B29DD0267009F8010 /* MarketDataService.swift */,
				586750F429E119490076C383 /* PortfolioDataService.swift */,
			);
			path = Services;
			sourceTree = "<group>";
		};
/* End PBXGroup section */

/* Begin PBXNativeTarget section */
		589AF36629D2A3D400DEFC8E /* SwiftfulCrypto */ = {
			isa = PBXNativeTarget;
			buildConfigurationList = 589AF37529D2A3D500DEFC8E /* Build configuration list for PBXNativeTarget "SwiftfulCrypto" */;
			buildPhases = (
				589AF36329D2A3D400DEFC8E /* Sources */,
				589AF36429D2A3D400DEFC8E /* Frameworks */,
				589AF36529D2A3D400DEFC8E /* Resources */,
			);
			buildRules = (
			);
			dependencies = (
			);
			name = SwiftfulCrypto;
			productName = SwiftfulCrypto;
			productReference = 589AF36729D2A3D400DEFC8E /* SwiftfulCrypto.app */;
			productType = "com.apple.product-type.application";
		};
/* End PBXNativeTarget section */

/* Begin PBXProject section */
		589AF35F29D2A3D400DEFC8E /* Project object */ = {
			isa = PBXProject;
			attributes = {
				BuildIndependentTargetsInParallel = 1;
				LastSwiftUpdateCheck = 1420;
				LastUpgradeCheck = 1420;
				TargetAttributes = {
					589AF36629D2A3D400DEFC8E = {
						CreatedOnToolsVersion = 14.2;
					};
				};
			};
			buildConfigurationList = 589AF36229D2A3D400DEFC8E /* Build configuration list for PBXProject "Crypto Tracker" */;
			compatibilityVersion = "Xcode 14.0";
			developmentRegion = en;
			hasScannedForEncodings = 0;
			knownRegions = (
				en,
				Base,
			);
			mainGroup = 589AF35E29D2A3D400DEFC8E;
			productRefGroup = 589AF36829D2A3D400DEFC8E /* Products */;
			projectDirPath = "";
			projectRoot = "";
			targets = (
				589AF36629D2A3D400DEFC8E /* SwiftfulCrypto */,
			);
		};
/* End PBXProject section */

/* Begin PBXResourcesBuildPhase section */
		589AF36529D2A3D400DEFC8E /* Resources */ = {
			isa = PBXResourcesBuildPhase;
			buildActionMask = 2147483647;
			files = (
				589AF37229D2A3D500DEFC8E /* Preview Assets.xcassets in Resources */,
				589AF37929D2A4F700DEFC8E /* Assets.xcassets in Resources */,
			);
			runOnlyForDeploymentPostprocessing = 0;
		};
/* End PBXResourcesBuildPhase section */

/* Begin PBXSourcesBuildPhase section */
		589AF36329D2A3D400DEFC8E /* Sources */ = {
			isa = PBXSourcesBuildPhase;
			buildActionMask = 2147483647;
			files = (
				585E822929DA49AD00061AA8 /* StatisticModel.swift in Sources */,
				589B598C29DD0267009F8010 /* MarketDataService.swift in Sources */,
				58A3C31C29DE4663004A4C5D /* CoinLogoView.swift in Sources */,
				585E822B29DA4BE200061AA8 /* StatisticView.swift in Sources */,
				5822816129D90A07004C3D58 /* UIApplication.swift in Sources */,
				586750F329E1183D0076C383 /* PortfolioContainer.xcdatamodeld in Sources */,
				58C8E6B729D4FF2E00860653 /* CoinDataService.swift in Sources */,
				58A09A0B29D3B4F800B68A4C /* CoinRowView.swift in Sources */,
				585E822D29DA514800061AA8 /* HomeStatisView.swift in Sources */,
				581DA95429DD1B4900EA9B0B /* PortfolioView.swift in Sources */,
				582A9BFA29D444910029D21D /* HomeViewModel.swift in Sources */,
				589AF36D29D2A3D400DEFC8E /* ContentView.swift in Sources */,
				589AF38529D2AC9800DEFC8E /* HomeView.swift in Sources */,
				589AF36B29D2A3D400DEFC8E /* SwiftfulCryptoApp.swift in Sources */,
				589AF38A29D2ADED00DEFC8E /* CircleButtonView.swift in Sources */,
				589AF38C29D2B98900DEFC8E /* CicleButtonViewAnimation.swift in Sources */,
				5837933229D62D3B00269C65 /* NetworkingManager.swift in Sources */,
				589B598A29DD0069009F8010 /* MarketDataModel.swift in Sources */,
				586750F529E119490076C383 /* PortfolioDataService.swift in Sources */,
				589AF37E29D2A59C00DEFC8E /* Color.swift in Sources */,
				58A09A0D29D3B5EE00B68A4C /* PreviewProvider.swift in Sources */,
				5837933929D63D8700269C65 /* CoinImageViewModel.swift in Sources */,
				5837933529D638BE00269C65 /* CoinImageview.swift in Sources */,
				58A09A0F29D3BEF200B68A4C /* Double.swift in Sources */,
				58CC5F8829FB195E00F7607D /* HapticManager.swift in Sources */,
				581DA95629DD1FCD00EA9B0B /* XMarkButton.swift in Sources */,
				5837933729D63B0F00269C65 /* CoinImageService.swift in Sources */,
				5822815F29D8FA43004C3D58 /* SearchBarView.swift in Sources */,
				58A09A0929D3A4F600B68A4C /* CoinModel.swift in Sources */,
			);
			runOnlyForDeploymentPostprocessing = 0;
		};
/* End PBXSourcesBuildPhase section */

/* Begin XCBuildConfiguration section */
		589AF37329D2A3D500DEFC8E /* Debug */ = {
			isa = XCBuildConfiguration;
			buildSettings = {
				ALWAYS_SEARCH_USER_PATHS = NO;
				CLANG_ANALYZER_NONNULL = YES;
				CLANG_ANALYZER_NUMBER_OBJECT_CONVERSION = YES_AGGRESSIVE;
				CLANG_CXX_LANGUAGE_STANDARD = "gnu++20";
				CLANG_ENABLE_MODULES = YES;
				CLANG_ENABLE_OBJC_ARC = YES;
				CLANG_ENABLE_OBJC_WEAK = YES;
				CLANG_WARN_BLOCK_CAPTURE_AUTORELEASING = YES;
				CLANG_WARN_BOOL_CONVERSION = YES;
				CLANG_WARN_COMMA = YES;
				CLANG_WARN_CONSTANT_CONVERSION = YES;
				CLANG_WARN_DEPRECATED_OBJC_IMPLEMENTATIONS = YES;
				CLANG_WARN_DIRECT_OBJC_ISA_USAGE = YES_ERROR;
				CLANG_WARN_DOCUMENTATION_COMMENTS = YES;
				CLANG_WARN_EMPTY_BODY = YES;
				CLANG_WARN_ENUM_CONVERSION = YES;
				CLANG_WARN_INFINITE_RECURSION = YES;
				CLANG_WARN_INT_CONVERSION = YES;
				CLANG_WARN_NON_LITERAL_NULL_CONVERSION = YES;
				CLANG_WARN_OBJC_IMPLICIT_RETAIN_SELF = YES;
				CLANG_WARN_OBJC_LITERAL_CONVERSION = YES;
				CLANG_WARN_OBJC_ROOT_CLASS = YES_ERROR;
				CLANG_WARN_QUOTED_INCLUDE_IN_FRAMEWORK_HEADER = YES;
				CLANG_WARN_RANGE_LOOP_ANALYSIS = YES;
				CLANG_WARN_STRICT_PROTOTYPES = YES;
				CLANG_WARN_SUSPICIOUS_MOVE = YES;
				CLANG_WARN_UNGUARDED_AVAILABILITY = YES_AGGRESSIVE;
				CLANG_WARN_UNREACHABLE_CODE = YES;
				CLANG_WARN__DUPLICATE_METHOD_MATCH = YES;
				COPY_PHASE_STRIP = NO;
				DEBUG_INFORMATION_FORMAT = dwarf;
				ENABLE_STRICT_OBJC_MSGSEND = YES;
				ENABLE_TESTABILITY = YES;
				GCC_C_LANGUAGE_STANDARD = gnu11;
				GCC_DYNAMIC_NO_PIC = NO;
				GCC_NO_COMMON_BLOCKS = YES;
				GCC_OPTIMIZATION_LEVEL = 0;
				GCC_PREPROCESSOR_DEFINITIONS = (
					"DEBUG=1",
					"$(inherited)",
				);
				GCC_WARN_64_TO_32_BIT_CONVERSION = YES;
				GCC_WARN_ABOUT_RETURN_TYPE = YES_ERROR;
				GCC_WARN_UNDECLARED_SELECTOR = YES;
				GCC_WARN_UNINITIALIZED_AUTOS = YES_AGGRESSIVE;
				GCC_WARN_UNUSED_FUNCTION = YES;
				GCC_WARN_UNUSED_VARIABLE = YES;
				IPHONEOS_DEPLOYMENT_TARGET = 16.2;
				MTL_ENABLE_DEBUG_INFO = INCLUDE_SOURCE;
				MTL_FAST_MATH = YES;
				ONLY_ACTIVE_ARCH = YES;
				SDKROOT = iphoneos;
				SWIFT_ACTIVE_COMPILATION_CONDITIONS = DEBUG;
				SWIFT_OPTIMIZATION_LEVEL = "-Onone";
			};
			name = Debug;
		};
		589AF37429D2A3D500DEFC8E /* Release */ = {
			isa = XCBuildConfiguration;
			buildSettings = {
				ALWAYS_SEARCH_USER_PATHS = NO;
				CLANG_ANALYZER_NONNULL = YES;
				CLANG_ANALYZER_NUMBER_OBJECT_CONVERSION = YES_AGGRESSIVE;
				CLANG_CXX_LANGUAGE_STANDARD = "gnu++20";
				CLANG_ENABLE_MODULES = YES;
				CLANG_ENABLE_OBJC_ARC = YES;
				CLANG_ENABLE_OBJC_WEAK = YES;
				CLANG_WARN_BLOCK_CAPTURE_AUTORELEASING = YES;
				CLANG_WARN_BOOL_CONVERSION = YES;
				CLANG_WARN_COMMA = YES;
				CLANG_WARN_CONSTANT_CONVERSION = YES;
				CLANG_WARN_DEPRECATED_OBJC_IMPLEMENTATIONS = YES;
				CLANG_WARN_DIRECT_OBJC_ISA_USAGE = YES_ERROR;
				CLANG_WARN_DOCUMENTATION_COMMENTS = YES;
				CLANG_WARN_EMPTY_BODY = YES;
				CLANG_WARN_ENUM_CONVERSION = YES;
				CLANG_WARN_INFINITE_RECURSION = YES;
				CLANG_WARN_INT_CONVERSION = YES;
				CLANG_WARN_NON_LITERAL_NULL_CONVERSION = YES;
				CLANG_WARN_OBJC_IMPLICIT_RETAIN_SELF = YES;
				CLANG_WARN_OBJC_LITERAL_CONVERSION = YES;
				CLANG_WARN_OBJC_ROOT_CLASS = YES_ERROR;
				CLANG_WARN_QUOTED_INCLUDE_IN_FRAMEWORK_HEADER = YES;
				CLANG_WARN_RANGE_LOOP_ANALYSIS = YES;
				CLANG_WARN_STRICT_PROTOTYPES = YES;
				CLANG_WARN_SUSPICIOUS_MOVE = YES;
				CLANG_WARN_UNGUARDED_AVAILABILITY = YES_AGGRESSIVE;
				CLANG_WARN_UNREACHABLE_CODE = YES;
				CLANG_WARN__DUPLICATE_METHOD_MATCH = YES;
				COPY_PHASE_STRIP = NO;
				DEBUG_INFORMATION_FORMAT = "dwarf-with-dsym";
				ENABLE_NS_ASSERTIONS = NO;
				ENABLE_STRICT_OBJC_MSGSEND = YES;
				GCC_C_LANGUAGE_STANDARD = gnu11;
				GCC_NO_COMMON_BLOCKS = YES;
				GCC_WARN_64_TO_32_BIT_CONVERSION = YES;
				GCC_WARN_ABOUT_RETURN_TYPE = YES_ERROR;
				GCC_WARN_UNDECLARED_SELECTOR = YES;
				GCC_WARN_UNINITIALIZED_AUTOS = YES_AGGRESSIVE;
				GCC_WARN_UNUSED_FUNCTION = YES;
				GCC_WARN_UNUSED_VARIABLE = YES;
				IPHONEOS_DEPLOYMENT_TARGET = 16.2;
				MTL_ENABLE_DEBUG_INFO = NO;
				MTL_FAST_MATH = YES;
				SDKROOT = iphoneos;
				SWIFT_COMPILATION_MODE = wholemodule;
				SWIFT_OPTIMIZATION_LEVEL = "-O";
				VALIDATE_PRODUCT = YES;
			};
			name = Release;
		};
		589AF37629D2A3D500DEFC8E /* Debug */ = {
			isa = XCBuildConfiguration;
			buildSettings = {
				ASSETCATALOG_COMPILER_APPICON_NAME = AppIcon;
				ASSETCATALOG_COMPILER_GLOBAL_ACCENT_COLOR_NAME = AccentColor;
				CODE_SIGN_STYLE = Automatic;
				CURRENT_PROJECT_VERSION = 1;
				DEVELOPMENT_ASSET_PATHS = "\"SwiftfulCrypto/Preview Content\"";
				DEVELOPMENT_TEAM = K3AU2A9DGP;
				ENABLE_PREVIEWS = YES;
				GENERATE_INFOPLIST_FILE = YES;
				INFOPLIST_KEY_UIApplicationSceneManifest_Generation = YES;
				INFOPLIST_KEY_UIApplicationSupportsIndirectInputEvents = YES;
				INFOPLIST_KEY_UILaunchScreen_Generation = YES;
				INFOPLIST_KEY_UISupportedInterfaceOrientations = UIInterfaceOrientationPortrait;
				LD_RUNPATH_SEARCH_PATHS = (
					"$(inherited)",
					"@executable_path/Frameworks",
				);
				MARKETING_VERSION = 1.0;
				PRODUCT_BUNDLE_IDENTIFIER = com.talhawarraich.SwiftfulCrypto;
				PRODUCT_NAME = "$(TARGET_NAME)";
				SUPPORTED_PLATFORMS = "iphoneos iphonesimulator";
				SUPPORTS_MACCATALYST = NO;
				SUPPORTS_MAC_DESIGNED_FOR_IPHONE_IPAD = NO;
				SWIFT_EMIT_LOC_STRINGS = YES;
				SWIFT_VERSION = 5.0;
				TARGETED_DEVICE_FAMILY = "1,2";
			};
			name = Debug;
		};
		589AF37729D2A3D500DEFC8E /* Release */ = {
			isa = XCBuildConfiguration;
			buildSettings = {
				ASSETCATALOG_COMPILER_APPICON_NAME = AppIcon;
				ASSETCATALOG_COMPILER_GLOBAL_ACCENT_COLOR_NAME = AccentColor;
				CODE_SIGN_STYLE = Automatic;
				CURRENT_PROJECT_VERSION = 1;
				DEVELOPMENT_ASSET_PATHS = "\"SwiftfulCrypto/Preview Content\"";
				DEVELOPMENT_TEAM = K3AU2A9DGP;
				ENABLE_PREVIEWS = YES;
				GENERATE_INFOPLIST_FILE = YES;
				INFOPLIST_KEY_UIApplicationSceneManifest_Generation = YES;
				INFOPLIST_KEY_UIApplicationSupportsIndirectInputEvents = YES;
				INFOPLIST_KEY_UILaunchScreen_Generation = YES;
				INFOPLIST_KEY_UISupportedInterfaceOrientations = UIInterfaceOrientationPortrait;
				LD_RUNPATH_SEARCH_PATHS = (
					"$(inherited)",
					"@executable_path/Frameworks",
				);
				MARKETING_VERSION = 1.0;
				PRODUCT_BUNDLE_IDENTIFIER = com.talhawarraich.SwiftfulCrypto;
				PRODUCT_NAME = "$(TARGET_NAME)";
				SUPPORTED_PLATFORMS = "iphoneos iphonesimulator";
				SUPPORTS_MACCATALYST = NO;
				SUPPORTS_MAC_DESIGNED_FOR_IPHONE_IPAD = NO;
				SWIFT_EMIT_LOC_STRINGS = YES;
				SWIFT_VERSION = 5.0;
				TARGETED_DEVICE_FAMILY = "1,2";
			};
			name = Release;
		};
/* End XCBuildConfiguration section */

/* Begin XCConfigurationList section */
		589AF36229D2A3D400DEFC8E /* Build configuration list for PBXProject "Crypto Tracker" */ = {
			isa = XCConfigurationList;
			buildConfigurations = (
				589AF37329D2A3D500DEFC8E /* Debug */,
				589AF37429D2A3D500DEFC8E /* Release */,
			);
			defaultConfigurationIsVisible = 0;
			defaultConfigurationName = Release;
		};
		589AF37529D2A3D500DEFC8E /* Build configuration list for PBXNativeTarget "SwiftfulCrypto" */ = {
			isa = XCConfigurationList;
			buildConfigurations = (
				589AF37629D2A3D500DEFC8E /* Debug */,
				589AF37729D2A3D500DEFC8E /* Release */,
			);
			defaultConfigurationIsVisible = 0;
			defaultConfigurationName = Release;
		};
/* End XCConfigurationList section */

/* Begin XCVersionGroup section */
		586750F129E1183D0076C383 /* PortfolioContainer.xcdatamodeld */ = {
			isa = XCVersionGroup;
			children = (
				586750F229E1183D0076C383 /* PortfolioContainer.xcdatamodel */,
			);
			currentVersion = 586750F229E1183D0076C383 /* PortfolioContainer.xcdatamodel */;
			path = PortfolioContainer.xcdatamodeld;
			sourceTree = "<group>";
			versionGroupType = wrapper.xcdatamodel;
		};
/* End XCVersionGroup section */
	};
	rootObject = 589AF35F29D2A3D400DEFC8E /* Project object */;
}
